<?xml version="1.0" encoding="UTF-8"?>
<Scheme
   version = "1.3">
   <BuildAction>
      <BuildActionEntries>
         <BuildActionEntry
            buildForRunning = "YES">
            <BuildableReference
               BuildableIdentifier = "primary"
               BlueprintIdentifier = "4661F5046B55CF21D71BAC91"
               BuildableName = "MeteoriteFinder.app"
               BlueprintName = "MeteoriteFinder"
               ReferencedContainer = "container:MeteoriteFinder.xcodeproj">
            </BuildableReference>
         </BuildActionEntry>
      </BuildActionEntries>
   </BuildAction>
   <LaunchAction
      useCustomWorkingDirectory = "NO"
      buildConfiguration = "Debug"
      allowLocationSimulation = "YES">
      <BuildableProductRunnable>
         <BuildableReference
            BuildableIdentifier = "primary"
            BlueprintIdentifier = "4661F5046B55CF21D71BAC91"
            BuildableName = "MeteoriteFinder.app"
            BlueprintName = "MeteoriteFinder"
            ReferencedContainer = "container:MeteoriteFinder.xcodeproj">
         </BuildableReference>
      </BuildableProductRunnable>
   </LaunchAction>
</Scheme>
